// !$*UTF8*$!
{
	archiveVersion = 1;
	classes = {
	};
	objectVersion = 56;
	objects = {

/* Begin PBXBuildFile section */
		1204B9C02CC918090073DECA /* FLErrors.swift in Sources */ = {isa = PBXBuildFile; fileRef = 1204B9BF2CC918090073DECA /* FLErrors.swift */; };
		12092C542CB7E85400F30358 /* NavigationViewModel.swift in Sources */ = {isa = PBXBuildFile; fileRef = 12092C532CB7E85400F30358 /* NavigationViewModel.swift */; };
		12092C562CB7E88B00F30358 /* NavigationStates.swift in Sources */ = {isa = PBXBuildFile; fileRef = 12092C552CB7E88B00F30358 /* NavigationStates.swift */; };
		12092C5A2CB7EC8500F30358 /* MainNavigation.swift in Sources */ = {isa = PBXBuildFile; fileRef = 12092C592CB7EC8500F30358 /* MainNavigation.swift */; };
		12092C632CB811B800F30358 /* FLRegisterForm.swift in Sources */ = {isa = PBXBuildFile; fileRef = 12092C622CB811B800F30358 /* FLRegisterForm.swift */; };
		12092C652CB8164E00F30358 /* LoginConstantsUnitTests.swift in Sources */ = {isa = PBXBuildFile; fileRef = 12092C642CB8164E00F30358 /* LoginConstantsUnitTests.swift */; };
		12092C672CB8168600F30358 /* RegisterConstantsUnitTests.swift in Sources */ = {isa = PBXBuildFile; fileRef = 12092C662CB8168600F30358 /* RegisterConstantsUnitTests.swift */; };
		12092D902CBD26C800F30358 /* ForgotPassword.swift in Sources */ = {isa = PBXBuildFile; fileRef = 12092D8F2CBD26C800F30358 /* ForgotPassword.swift */; };
		121D70092CB6A36100D58AC8 /* FLStringsUnitTests.swift in Sources */ = {isa = PBXBuildFile; fileRef = 121D70082CB6A36100D58AC8 /* FLStringsUnitTests.swift */; };
		121D700B2CB6AC7F00D58AC8 /* LoginConstants.swift in Sources */ = {isa = PBXBuildFile; fileRef = 121D700A2CB6AC7F00D58AC8 /* LoginConstants.swift */; };
		121D700D2CB6AC8900D58AC8 /* RegisterConstants.swift in Sources */ = {isa = PBXBuildFile; fileRef = 121D700C2CB6AC8900D58AC8 /* RegisterConstants.swift */; };
		123AB5572CC69BEB00E6D8DA /* User.swift in Sources */ = {isa = PBXBuildFile; fileRef = 123AB5562CC69BEB00E6D8DA /* User.swift */; };
		123AB5592CC69BF900E6D8DA /* Post.swift in Sources */ = {isa = PBXBuildFile; fileRef = 123AB5582CC69BF900E6D8DA /* Post.swift */; };
		123AB55B2CC69F0300E6D8DA /* LoginViewModel.swift in Sources */ = {isa = PBXBuildFile; fileRef = 123AB55A2CC69F0300E6D8DA /* LoginViewModel.swift */; };
		123AB55D2CC69F0C00E6D8DA /* RegisterViewModel.swift in Sources */ = {isa = PBXBuildFile; fileRef = 123AB55C2CC69F0C00E6D8DA /* RegisterViewModel.swift */; };
		123AB55F2CC69F1D00E6D8DA /* FeedViewModel.swift in Sources */ = {isa = PBXBuildFile; fileRef = 123AB55E2CC69F1D00E6D8DA /* FeedViewModel.swift */; };
		123AB5612CC69F2800E6D8DA /* ProfileViewModel.swift in Sources */ = {isa = PBXBuildFile; fileRef = 123AB5602CC69F2800E6D8DA /* ProfileViewModel.swift */; };
		123AB5632CC69F5100E6D8DA /* CreatePostViewModel.swift in Sources */ = {isa = PBXBuildFile; fileRef = 123AB5622CC69F5100E6D8DA /* CreatePostViewModel.swift */; };
		123AB5672CC6A56D00E6D8DA /* FormValidator.swift in Sources */ = {isa = PBXBuildFile; fileRef = 123AB5662CC6A56D00E6D8DA /* FormValidator.swift */; };
		123AB5692CC6A5C200E6D8DA /* FormValidatorProtocol.swift in Sources */ = {isa = PBXBuildFile; fileRef = 123AB5682CC6A5C200E6D8DA /* FormValidatorProtocol.swift */; };
		123AB56B2CC6A9A800E6D8DA /* FormValidatorMock.swift in Sources */ = {isa = PBXBuildFile; fileRef = 123AB56A2CC6A9A800E6D8DA /* FormValidatorMock.swift */; };
		123AB5702CC6AD2600E6D8DA /* FormValidatorUnitTests.swift in Sources */ = {isa = PBXBuildFile; fileRef = 123AB56F2CC6AD2600E6D8DA /* FormValidatorUnitTests.swift */; };
		123AB5742CC7ECEF00E6D8DA /* RegisterForm.swift in Sources */ = {isa = PBXBuildFile; fileRef = 123AB5732CC7ECEF00E6D8DA /* RegisterForm.swift */; };
		123AB5762CC7F0AC00E6D8DA /* RegisterService.swift in Sources */ = {isa = PBXBuildFile; fileRef = 123AB5752CC7F0AC00E6D8DA /* RegisterService.swift */; };
		123AB57A2CC7F0F300E6D8DA /* RegisterServiceMock.swift in Sources */ = {isa = PBXBuildFile; fileRef = 123AB5792CC7F0F300E6D8DA /* RegisterServiceMock.swift */; };
		123AB57C2CC7F10400E6D8DA /* RegisterServiceProtocol.swift in Sources */ = {isa = PBXBuildFile; fileRef = 123AB57B2CC7F10400E6D8DA /* RegisterServiceProtocol.swift */; };
		123AB57E2CC7F3B600E6D8DA /* GoogleService-Info.plist in Resources */ = {isa = PBXBuildFile; fileRef = 123AB57D2CC7F3B600E6D8DA /* GoogleService-Info.plist */; };
		123AB5812CC7F46300E6D8DA /* FirebaseAuth in Frameworks */ = {isa = PBXBuildFile; productRef = 123AB5802CC7F46300E6D8DA /* FirebaseAuth */; };
		123AB5832CC7F46300E6D8DA /* FirebaseAuthCombine-Community in Frameworks */ = {isa = PBXBuildFile; productRef = 123AB5822CC7F46300E6D8DA /* FirebaseAuthCombine-Community */; };
		123AB5852CC7F46300E6D8DA /* FirebaseFirestore in Frameworks */ = {isa = PBXBuildFile; productRef = 123AB5842CC7F46300E6D8DA /* FirebaseFirestore */; };
		123AB5872CC7F46300E6D8DA /* FirebaseFirestoreCombine-Community in Frameworks */ = {isa = PBXBuildFile; productRef = 123AB5862CC7F46300E6D8DA /* FirebaseFirestoreCombine-Community */; };
		123AB5892CC7F46300E6D8DA /* FirebaseStorage in Frameworks */ = {isa = PBXBuildFile; productRef = 123AB5882CC7F46300E6D8DA /* FirebaseStorage */; };
		123AB58B2CC7F46300E6D8DA /* FirebaseStorageCombine-Community in Frameworks */ = {isa = PBXBuildFile; productRef = 123AB58A2CC7F46300E6D8DA /* FirebaseStorageCombine-Community */; };
		123AB58F2CC7F4F500E6D8DA /* FirebaseConfig.swift in Sources */ = {isa = PBXBuildFile; fileRef = 123AB58E2CC7F4F500E6D8DA /* FirebaseConfig.swift */; };
		123F7D632CB56ECE00864DF0 /* UIConstants.swift in Sources */ = {isa = PBXBuildFile; fileRef = 123F7D622CB56ECE00864DF0 /* UIConstants.swift */; };
		123F7D6B2CB5777800864DF0 /* FLLoginForm.swift in Sources */ = {isa = PBXBuildFile; fileRef = 123F7D6A2CB5777800864DF0 /* FLLoginForm.swift */; };
		123F7D712CB57A3A00864DF0 /* FLLightShadow.swift in Sources */ = {isa = PBXBuildFile; fileRef = 123F7D702CB57A3A00864DF0 /* FLLightShadow.swift */; };
		123F7D732CB57F8400864DF0 /* FLSimpleButton.swift in Sources */ = {isa = PBXBuildFile; fileRef = 123F7D722CB57F8400864DF0 /* FLSimpleButton.swift */; };
		123F7D782CB5865A00864DF0 /* UIConstantsUnitTests.swift in Sources */ = {isa = PBXBuildFile; fileRef = 123F7D772CB5865A00864DF0 /* UIConstantsUnitTests.swift */; };
		123F7D7A2CB588EC00864DF0 /* ColorsUnitTests.swift in Sources */ = {isa = PBXBuildFile; fileRef = 123F7D792CB588EC00864DF0 /* ColorsUnitTests.swift */; };
		125E2B3E2CB69D020049F409 /* FLStrings.swift in Sources */ = {isa = PBXBuildFile; fileRef = 125E2B3D2CB69D020049F409 /* FLStrings.swift */; };
		12CE5CED2CB553F2008D47FA /* LoginUnitTests.swift in Sources */ = {isa = PBXBuildFile; fileRef = 12CE5CEC2CB553F2008D47FA /* LoginUnitTests.swift */; };
		12CE5CEF2CB553FE008D47FA /* RegisterUnitTests.swift in Sources */ = {isa = PBXBuildFile; fileRef = 12CE5CEE2CB553FE008D47FA /* RegisterUnitTests.swift */; };
		12CE5CF12CB55414008D47FA /* PostDetailsUnitTests.swift in Sources */ = {isa = PBXBuildFile; fileRef = 12CE5CF02CB55414008D47FA /* PostDetailsUnitTests.swift */; };
		12CE5CF32CB55425008D47FA /* FeedUnitTests.swift in Sources */ = {isa = PBXBuildFile; fileRef = 12CE5CF22CB55425008D47FA /* FeedUnitTests.swift */; };
		12CE5CF52CB55430008D47FA /* TabsUnitTests.swift in Sources */ = {isa = PBXBuildFile; fileRef = 12CE5CF42CB55430008D47FA /* TabsUnitTests.swift */; };
		12CE5CF72CB55441008D47FA /* ProfileUnitTests.swift in Sources */ = {isa = PBXBuildFile; fileRef = 12CE5CF62CB55441008D47FA /* ProfileUnitTests.swift */; };
		12CE5CFA2CB5545E008D47FA /* EditProfileUnitTests.swift in Sources */ = {isa = PBXBuildFile; fileRef = 12CE5CF92CB5545E008D47FA /* EditProfileUnitTests.swift */; };
		12CE5CFC2CB55469008D47FA /* CreatePostUnitTests.swift in Sources */ = {isa = PBXBuildFile; fileRef = 12CE5CFB2CB55469008D47FA /* CreatePostUnitTests.swift */; };
		12DCF6F52CAFFEA5003C4E91 /* FotoLoopApp.swift in Sources */ = {isa = PBXBuildFile; fileRef = 12DCF6F42CAFFEA5003C4E91 /* FotoLoopApp.swift */; };
		12DCF6F92CAFFEA6003C4E91 /* Assets.xcassets in Resources */ = {isa = PBXBuildFile; fileRef = 12DCF6F82CAFFEA6003C4E91 /* Assets.xcassets */; };
		12DCF6FC2CAFFEA6003C4E91 /* Preview Assets.xcassets in Resources */ = {isa = PBXBuildFile; fileRef = 12DCF6FB2CAFFEA6003C4E91 /* Preview Assets.xcassets */; };
		12DCF7062CAFFEA7003C4E91 /* FotoLoopTests.swift in Sources */ = {isa = PBXBuildFile; fileRef = 12DCF7052CAFFEA7003C4E91 /* FotoLoopTests.swift */; };
		12DCF7102CAFFEA7003C4E91 /* FotoLoopUITests.swift in Sources */ = {isa = PBXBuildFile; fileRef = 12DCF70F2CAFFEA7003C4E91 /* FotoLoopUITests.swift */; };
		12DCF7122CAFFEA7003C4E91 /* FotoLoopUITestsLaunchTests.swift in Sources */ = {isa = PBXBuildFile; fileRef = 12DCF7112CAFFEA7003C4E91 /* FotoLoopUITestsLaunchTests.swift */; };
		12DCF72A2CB00370003C4E91 /* Login.swift in Sources */ = {isa = PBXBuildFile; fileRef = 12DCF7292CB00370003C4E91 /* Login.swift */; };
		12DCF72C2CB00379003C4E91 /* Register.swift in Sources */ = {isa = PBXBuildFile; fileRef = 12DCF72B2CB00379003C4E91 /* Register.swift */; };
		12DCF72E2CB00381003C4E91 /* Feed.swift in Sources */ = {isa = PBXBuildFile; fileRef = 12DCF72D2CB00381003C4E91 /* Feed.swift */; };
		12DCF7302CB00389003C4E91 /* Profile.swift in Sources */ = {isa = PBXBuildFile; fileRef = 12DCF72F2CB00389003C4E91 /* Profile.swift */; };
		12DCF7322CB003C0003C4E91 /* CreatePost.swift in Sources */ = {isa = PBXBuildFile; fileRef = 12DCF7312CB003C0003C4E91 /* CreatePost.swift */; };
		12DCF7342CB003C9003C4E91 /* EditProfile.swift in Sources */ = {isa = PBXBuildFile; fileRef = 12DCF7332CB003C9003C4E91 /* EditProfile.swift */; };
		12DCF7362CB00435003C4E91 /* Colors.swift in Sources */ = {isa = PBXBuildFile; fileRef = 12DCF7352CB00435003C4E91 /* Colors.swift */; };
		12DCF7382CB00762003C4E91 /* ColorsUtils.swift in Sources */ = {isa = PBXBuildFile; fileRef = 12DCF7372CB00762003C4E91 /* ColorsUtils.swift */; };
		12DCF73B2CB0094E003C4E91 /* FLTextField.swift in Sources */ = {isa = PBXBuildFile; fileRef = 12DCF73A2CB0094E003C4E91 /* FLTextField.swift */; };
		12DCF73D2CB00964003C4E91 /* FLButton.swift in Sources */ = {isa = PBXBuildFile; fileRef = 12DCF73C2CB00964003C4E91 /* FLButton.swift */; };
		12DCF73F2CB00970003C4E91 /* FLOutlinedButton.swift in Sources */ = {isa = PBXBuildFile; fileRef = 12DCF73E2CB00970003C4E91 /* FLOutlinedButton.swift */; };
		12DCF7412CB009A6003C4E91 /* FLList.swift in Sources */ = {isa = PBXBuildFile; fileRef = 12DCF7402CB009A6003C4E91 /* FLList.swift */; };
		12DCF7432CB009B8003C4E91 /* FLPost.swift in Sources */ = {isa = PBXBuildFile; fileRef = 12DCF7422CB009B8003C4E91 /* FLPost.swift */; };
		12DCF7452CB009CA003C4E91 /* FLImagePicker.swift in Sources */ = {isa = PBXBuildFile; fileRef = 12DCF7442CB009CA003C4E91 /* FLImagePicker.swift */; };
		12DCF7472CB00A03003C4E91 /* PostDetails.swift in Sources */ = {isa = PBXBuildFile; fileRef = 12DCF7462CB00A03003C4E91 /* PostDetails.swift */; };
		12DCF7492CB00A75003C4E91 /* FLTitle.swift in Sources */ = {isa = PBXBuildFile; fileRef = 12DCF7482CB00A75003C4E91 /* FLTitle.swift */; };
		12DCF74B2CB00A86003C4E91 /* FLContentText.swift in Sources */ = {isa = PBXBuildFile; fileRef = 12DCF74A2CB00A86003C4E91 /* FLContentText.swift */; };
		12DCF74E2CB00B39003C4E91 /* Tabs.swift in Sources */ = {isa = PBXBuildFile; fileRef = 12DCF74D2CB00B39003C4E91 /* Tabs.swift */; };
		12DCF7552CB02A23003C4E91 /* FLLogo.swift in Sources */ = {isa = PBXBuildFile; fileRef = 12DCF7542CB02A23003C4E91 /* FLLogo.swift */; };
		12DCF7582CB3F286003C4E91 /* TabsUITests.swift in Sources */ = {isa = PBXBuildFile; fileRef = 12DCF7572CB3F286003C4E91 /* TabsUITests.swift */; };
		12DCF75A2CB3F2B7003C4E91 /* EditProfileUITests.swift in Sources */ = {isa = PBXBuildFile; fileRef = 12DCF7592CB3F2B7003C4E91 /* EditProfileUITests.swift */; };
		12DCF75C2CB3F2C5003C4E91 /* CreatePostUITests.swift in Sources */ = {isa = PBXBuildFile; fileRef = 12DCF75B2CB3F2C5003C4E91 /* CreatePostUITests.swift */; };
		12DCF75E2CB3F2D3003C4E91 /* ProfileUITests.swift in Sources */ = {isa = PBXBuildFile; fileRef = 12DCF75D2CB3F2D3003C4E91 /* ProfileUITests.swift */; };
		12DCF7602CB3F2E0003C4E91 /* FeedUITests.swift in Sources */ = {isa = PBXBuildFile; fileRef = 12DCF75F2CB3F2E0003C4E91 /* FeedUITests.swift */; };
		12DCF7622CB3F2F3003C4E91 /* PostDetailsUITests.swift in Sources */ = {isa = PBXBuildFile; fileRef = 12DCF7612CB3F2F3003C4E91 /* PostDetailsUITests.swift */; };
		12DCF7652CB3F358003C4E91 /* LoginUITests.swift in Sources */ = {isa = PBXBuildFile; fileRef = 12DCF7642CB3F358003C4E91 /* LoginUITests.swift */; };
		12DCF7672CB3F364003C4E91 /* RegisterUITests.swift in Sources */ = {isa = PBXBuildFile; fileRef = 12DCF7662CB3F364003C4E91 /* RegisterUITests.swift */; };
		12DCF76E2CB433DC003C4E91 /* FLTextFieldStyle.swift in Sources */ = {isa = PBXBuildFile; fileRef = 12DCF76D2CB433DC003C4E91 /* FLTextFieldStyle.swift */; };
/* End PBXBuildFile section */

/* Begin PBXContainerItemProxy section */
		12DCF7022CAFFEA6003C4E91 /* PBXContainerItemProxy */ = {
			isa = PBXContainerItemProxy;
			containerPortal = 12DCF6E92CAFFEA5003C4E91 /* Project object */;
			proxyType = 1;
			remoteGlobalIDString = 12DCF6F02CAFFEA5003C4E91;
			remoteInfo = FotoLoop;
		};
		12DCF70C2CAFFEA7003C4E91 /* PBXContainerItemProxy */ = {
			isa = PBXContainerItemProxy;
			containerPortal = 12DCF6E92CAFFEA5003C4E91 /* Project object */;
			proxyType = 1;
			remoteGlobalIDString = 12DCF6F02CAFFEA5003C4E91;
			remoteInfo = FotoLoop;
		};
/* End PBXContainerItemProxy section */

/* Begin PBXFileReference section */
		1204B9BF2CC918090073DECA /* FLErrors.swift */ = {isa = PBXFileReference; lastKnownFileType = sourcecode.swift; path = FLErrors.swift; sourceTree = "<group>"; };
		12092C532CB7E85400F30358 /* NavigationViewModel.swift */ = {isa = PBXFileReference; lastKnownFileType = sourcecode.swift; path = NavigationViewModel.swift; sourceTree = "<group>"; };
		12092C552CB7E88B00F30358 /* NavigationStates.swift */ = {isa = PBXFileReference; lastKnownFileType = sourcecode.swift; path = NavigationStates.swift; sourceTree = "<group>"; };
		12092C592CB7EC8500F30358 /* MainNavigation.swift */ = {isa = PBXFileReference; lastKnownFileType = sourcecode.swift; path = MainNavigation.swift; sourceTree = "<group>"; };
		12092C622CB811B800F30358 /* FLRegisterForm.swift */ = {isa = PBXFileReference; lastKnownFileType = sourcecode.swift; path = FLRegisterForm.swift; sourceTree = "<group>"; };
		12092C642CB8164E00F30358 /* LoginConstantsUnitTests.swift */ = {isa = PBXFileReference; lastKnownFileType = sourcecode.swift; path = LoginConstantsUnitTests.swift; sourceTree = "<group>"; };
		12092C662CB8168600F30358 /* RegisterConstantsUnitTests.swift */ = {isa = PBXFileReference; lastKnownFileType = sourcecode.swift; path = RegisterConstantsUnitTests.swift; sourceTree = "<group>"; };
		12092D8F2CBD26C800F30358 /* ForgotPassword.swift */ = {isa = PBXFileReference; lastKnownFileType = sourcecode.swift; path = ForgotPassword.swift; sourceTree = "<group>"; };
		121D70082CB6A36100D58AC8 /* FLStringsUnitTests.swift */ = {isa = PBXFileReference; lastKnownFileType = sourcecode.swift; path = FLStringsUnitTests.swift; sourceTree = "<group>"; };
		121D700A2CB6AC7F00D58AC8 /* LoginConstants.swift */ = {isa = PBXFileReference; lastKnownFileType = sourcecode.swift; path = LoginConstants.swift; sourceTree = "<group>"; };
		121D700C2CB6AC8900D58AC8 /* RegisterConstants.swift */ = {isa = PBXFileReference; lastKnownFileType = sourcecode.swift; path = RegisterConstants.swift; sourceTree = "<group>"; };
		123AB5562CC69BEB00E6D8DA /* User.swift */ = {isa = PBXFileReference; lastKnownFileType = sourcecode.swift; path = User.swift; sourceTree = "<group>"; };
		123AB5582CC69BF900E6D8DA /* Post.swift */ = {isa = PBXFileReference; lastKnownFileType = sourcecode.swift; path = Post.swift; sourceTree = "<group>"; };
		123AB55A2CC69F0300E6D8DA /* LoginViewModel.swift */ = {isa = PBXFileReference; lastKnownFileType = sourcecode.swift; path = LoginViewModel.swift; sourceTree = "<group>"; };
		123AB55C2CC69F0C00E6D8DA /* RegisterViewModel.swift */ = {isa = PBXFileReference; lastKnownFileType = sourcecode.swift; path = RegisterViewModel.swift; sourceTree = "<group>"; };
		123AB55E2CC69F1D00E6D8DA /* FeedViewModel.swift */ = {isa = PBXFileReference; lastKnownFileType = sourcecode.swift; path = FeedViewModel.swift; sourceTree = "<group>"; };
		123AB5602CC69F2800E6D8DA /* ProfileViewModel.swift */ = {isa = PBXFileReference; lastKnownFileType = sourcecode.swift; path = ProfileViewModel.swift; sourceTree = "<group>"; };
		123AB5622CC69F5100E6D8DA /* CreatePostViewModel.swift */ = {isa = PBXFileReference; lastKnownFileType = sourcecode.swift; path = CreatePostViewModel.swift; sourceTree = "<group>"; };
		123AB5662CC6A56D00E6D8DA /* FormValidator.swift */ = {isa = PBXFileReference; lastKnownFileType = sourcecode.swift; path = FormValidator.swift; sourceTree = "<group>"; };
		123AB5682CC6A5C200E6D8DA /* FormValidatorProtocol.swift */ = {isa = PBXFileReference; lastKnownFileType = sourcecode.swift; path = FormValidatorProtocol.swift; sourceTree = "<group>"; };
		123AB56A2CC6A9A800E6D8DA /* FormValidatorMock.swift */ = {isa = PBXFileReference; lastKnownFileType = sourcecode.swift; path = FormValidatorMock.swift; sourceTree = "<group>"; };
		123AB56F2CC6AD2600E6D8DA /* FormValidatorUnitTests.swift */ = {isa = PBXFileReference; lastKnownFileType = sourcecode.swift; path = FormValidatorUnitTests.swift; sourceTree = "<group>"; };
		123AB5732CC7ECEF00E6D8DA /* RegisterForm.swift */ = {isa = PBXFileReference; lastKnownFileType = sourcecode.swift; path = RegisterForm.swift; sourceTree = "<group>"; };
		123AB5752CC7F0AC00E6D8DA /* RegisterService.swift */ = {isa = PBXFileReference; lastKnownFileType = sourcecode.swift; path = RegisterService.swift; sourceTree = "<group>"; };
		123AB5792CC7F0F300E6D8DA /* RegisterServiceMock.swift */ = {isa = PBXFileReference; lastKnownFileType = sourcecode.swift; path = RegisterServiceMock.swift; sourceTree = "<group>"; };
		123AB57B2CC7F10400E6D8DA /* RegisterServiceProtocol.swift */ = {isa = PBXFileReference; lastKnownFileType = sourcecode.swift; path = RegisterServiceProtocol.swift; sourceTree = "<group>"; };
		123AB57D2CC7F3B600E6D8DA /* GoogleService-Info.plist */ = {isa = PBXFileReference; fileEncoding = 4; lastKnownFileType = text.plist.xml; name = "GoogleService-Info.plist"; path = "../../../../../Downloads/GoogleService-Info.plist"; sourceTree = "<group>"; };
		123AB58E2CC7F4F500E6D8DA /* FirebaseConfig.swift */ = {isa = PBXFileReference; lastKnownFileType = sourcecode.swift; path = FirebaseConfig.swift; sourceTree = "<group>"; };
		123F7D622CB56ECE00864DF0 /* UIConstants.swift */ = {isa = PBXFileReference; lastKnownFileType = sourcecode.swift; path = UIConstants.swift; sourceTree = "<group>"; };
		123F7D6A2CB5777800864DF0 /* FLLoginForm.swift */ = {isa = PBXFileReference; lastKnownFileType = sourcecode.swift; path = FLLoginForm.swift; sourceTree = "<group>"; };
		123F7D702CB57A3A00864DF0 /* FLLightShadow.swift */ = {isa = PBXFileReference; lastKnownFileType = sourcecode.swift; path = FLLightShadow.swift; sourceTree = "<group>"; };
		123F7D722CB57F8400864DF0 /* FLSimpleButton.swift */ = {isa = PBXFileReference; lastKnownFileType = sourcecode.swift; path = FLSimpleButton.swift; sourceTree = "<group>"; };
		123F7D772CB5865A00864DF0 /* UIConstantsUnitTests.swift */ = {isa = PBXFileReference; lastKnownFileType = sourcecode.swift; path = UIConstantsUnitTests.swift; sourceTree = "<group>"; };
		123F7D792CB588EC00864DF0 /* ColorsUnitTests.swift */ = {isa = PBXFileReference; lastKnownFileType = sourcecode.swift; path = ColorsUnitTests.swift; sourceTree = "<group>"; };
		125E2B3D2CB69D020049F409 /* FLStrings.swift */ = {isa = PBXFileReference; lastKnownFileType = sourcecode.swift; path = FLStrings.swift; sourceTree = "<group>"; };
		12CE5CEC2CB553F2008D47FA /* LoginUnitTests.swift */ = {isa = PBXFileReference; lastKnownFileType = sourcecode.swift; path = LoginUnitTests.swift; sourceTree = "<group>"; };
		12CE5CEE2CB553FE008D47FA /* RegisterUnitTests.swift */ = {isa = PBXFileReference; lastKnownFileType = sourcecode.swift; path = RegisterUnitTests.swift; sourceTree = "<group>"; };
		12CE5CF02CB55414008D47FA /* PostDetailsUnitTests.swift */ = {isa = PBXFileReference; lastKnownFileType = sourcecode.swift; path = PostDetailsUnitTests.swift; sourceTree = "<group>"; };
		12CE5CF22CB55425008D47FA /* FeedUnitTests.swift */ = {isa = PBXFileReference; lastKnownFileType = sourcecode.swift; path = FeedUnitTests.swift; sourceTree = "<group>"; };
		12CE5CF42CB55430008D47FA /* TabsUnitTests.swift */ = {isa = PBXFileReference; lastKnownFileType = sourcecode.swift; path = TabsUnitTests.swift; sourceTree = "<group>"; };
		12CE5CF62CB55441008D47FA /* ProfileUnitTests.swift */ = {isa = PBXFileReference; lastKnownFileType = sourcecode.swift; path = ProfileUnitTests.swift; sourceTree = "<group>"; };
		12CE5CF92CB5545E008D47FA /* EditProfileUnitTests.swift */ = {isa = PBXFileReference; lastKnownFileType = sourcecode.swift; path = EditProfileUnitTests.swift; sourceTree = "<group>"; };
		12CE5CFB2CB55469008D47FA /* CreatePostUnitTests.swift */ = {isa = PBXFileReference; lastKnownFileType = sourcecode.swift; path = CreatePostUnitTests.swift; sourceTree = "<group>"; };
		12DCF6F12CAFFEA5003C4E91 /* FotoLoop.app */ = {isa = PBXFileReference; explicitFileType = wrapper.application; includeInIndex = 0; path = FotoLoop.app; sourceTree = BUILT_PRODUCTS_DIR; };
		12DCF6F42CAFFEA5003C4E91 /* FotoLoopApp.swift */ = {isa = PBXFileReference; lastKnownFileType = sourcecode.swift; path = FotoLoopApp.swift; sourceTree = "<group>"; };
		12DCF6F82CAFFEA6003C4E91 /* Assets.xcassets */ = {isa = PBXFileReference; lastKnownFileType = folder.assetcatalog; path = Assets.xcassets; sourceTree = "<group>"; };
		12DCF6FB2CAFFEA6003C4E91 /* Preview Assets.xcassets */ = {isa = PBXFileReference; lastKnownFileType = folder.assetcatalog; path = "Preview Assets.xcassets"; sourceTree = "<group>"; };
		12DCF7012CAFFEA6003C4E91 /* FotoLoopTests.xctest */ = {isa = PBXFileReference; explicitFileType = wrapper.cfbundle; includeInIndex = 0; path = FotoLoopTests.xctest; sourceTree = BUILT_PRODUCTS_DIR; };
		12DCF7052CAFFEA7003C4E91 /* FotoLoopTests.swift */ = {isa = PBXFileReference; lastKnownFileType = sourcecode.swift; path = FotoLoopTests.swift; sourceTree = "<group>"; };
		12DCF70B2CAFFEA7003C4E91 /* FotoLoopUITests.xctest */ = {isa = PBXFileReference; explicitFileType = wrapper.cfbundle; includeInIndex = 0; path = FotoLoopUITests.xctest; sourceTree = BUILT_PRODUCTS_DIR; };
		12DCF70F2CAFFEA7003C4E91 /* FotoLoopUITests.swift */ = {isa = PBXFileReference; lastKnownFileType = sourcecode.swift; path = FotoLoopUITests.swift; sourceTree = "<group>"; };
		12DCF7112CAFFEA7003C4E91 /* FotoLoopUITestsLaunchTests.swift */ = {isa = PBXFileReference; lastKnownFileType = sourcecode.swift; path = FotoLoopUITestsLaunchTests.swift; sourceTree = "<group>"; };
		12DCF7292CB00370003C4E91 /* Login.swift */ = {isa = PBXFileReference; lastKnownFileType = sourcecode.swift; path = Login.swift; sourceTree = "<group>"; };
		12DCF72B2CB00379003C4E91 /* Register.swift */ = {isa = PBXFileReference; lastKnownFileType = sourcecode.swift; path = Register.swift; sourceTree = "<group>"; };
		12DCF72D2CB00381003C4E91 /* Feed.swift */ = {isa = PBXFileReference; lastKnownFileType = sourcecode.swift; path = Feed.swift; sourceTree = "<group>"; };
		12DCF72F2CB00389003C4E91 /* Profile.swift */ = {isa = PBXFileReference; lastKnownFileType = sourcecode.swift; path = Profile.swift; sourceTree = "<group>"; };
		12DCF7312CB003C0003C4E91 /* CreatePost.swift */ = {isa = PBXFileReference; lastKnownFileType = sourcecode.swift; path = CreatePost.swift; sourceTree = "<group>"; };
		12DCF7332CB003C9003C4E91 /* EditProfile.swift */ = {isa = PBXFileReference; lastKnownFileType = sourcecode.swift; path = EditProfile.swift; sourceTree = "<group>"; };
		12DCF7352CB00435003C4E91 /* Colors.swift */ = {isa = PBXFileReference; lastKnownFileType = sourcecode.swift; path = Colors.swift; sourceTree = "<group>"; };
		12DCF7372CB00762003C4E91 /* ColorsUtils.swift */ = {isa = PBXFileReference; lastKnownFileType = sourcecode.swift; path = ColorsUtils.swift; sourceTree = "<group>"; };
		12DCF73A2CB0094E003C4E91 /* FLTextField.swift */ = {isa = PBXFileReference; lastKnownFileType = sourcecode.swift; path = FLTextField.swift; sourceTree = "<group>"; };
		12DCF73C2CB00964003C4E91 /* FLButton.swift */ = {isa = PBXFileReference; lastKnownFileType = sourcecode.swift; path = FLButton.swift; sourceTree = "<group>"; };
		12DCF73E2CB00970003C4E91 /* FLOutlinedButton.swift */ = {isa = PBXFileReference; lastKnownFileType = sourcecode.swift; path = FLOutlinedButton.swift; sourceTree = "<group>"; };
		12DCF7402CB009A6003C4E91 /* FLList.swift */ = {isa = PBXFileReference; lastKnownFileType = sourcecode.swift; path = FLList.swift; sourceTree = "<group>"; };
		12DCF7422CB009B8003C4E91 /* FLPost.swift */ = {isa = PBXFileReference; lastKnownFileType = sourcecode.swift; path = FLPost.swift; sourceTree = "<group>"; };
		12DCF7442CB009CA003C4E91 /* FLImagePicker.swift */ = {isa = PBXFileReference; lastKnownFileType = sourcecode.swift; path = FLImagePicker.swift; sourceTree = "<group>"; };
		12DCF7462CB00A03003C4E91 /* PostDetails.swift */ = {isa = PBXFileReference; lastKnownFileType = sourcecode.swift; path = PostDetails.swift; sourceTree = "<group>"; };
		12DCF7482CB00A75003C4E91 /* FLTitle.swift */ = {isa = PBXFileReference; lastKnownFileType = sourcecode.swift; path = FLTitle.swift; sourceTree = "<group>"; };
		12DCF74A2CB00A86003C4E91 /* FLContentText.swift */ = {isa = PBXFileReference; lastKnownFileType = sourcecode.swift; path = FLContentText.swift; sourceTree = "<group>"; };
		12DCF74D2CB00B39003C4E91 /* Tabs.swift */ = {isa = PBXFileReference; lastKnownFileType = sourcecode.swift; path = Tabs.swift; sourceTree = "<group>"; };
		12DCF7542CB02A23003C4E91 /* FLLogo.swift */ = {isa = PBXFileReference; lastKnownFileType = sourcecode.swift; path = FLLogo.swift; sourceTree = "<group>"; };
		12DCF7572CB3F286003C4E91 /* TabsUITests.swift */ = {isa = PBXFileReference; lastKnownFileType = sourcecode.swift; path = TabsUITests.swift; sourceTree = "<group>"; };
		12DCF7592CB3F2B7003C4E91 /* EditProfileUITests.swift */ = {isa = PBXFileReference; lastKnownFileType = sourcecode.swift; path = EditProfileUITests.swift; sourceTree = "<group>"; };
		12DCF75B2CB3F2C5003C4E91 /* CreatePostUITests.swift */ = {isa = PBXFileReference; lastKnownFileType = sourcecode.swift; path = CreatePostUITests.swift; sourceTree = "<group>"; };
		12DCF75D2CB3F2D3003C4E91 /* ProfileUITests.swift */ = {isa = PBXFileReference; lastKnownFileType = sourcecode.swift; path = ProfileUITests.swift; sourceTree = "<group>"; };
		12DCF75F2CB3F2E0003C4E91 /* FeedUITests.swift */ = {isa = PBXFileReference; lastKnownFileType = sourcecode.swift; path = FeedUITests.swift; sourceTree = "<group>"; };
		12DCF7612CB3F2F3003C4E91 /* PostDetailsUITests.swift */ = {isa = PBXFileReference; lastKnownFileType = sourcecode.swift; path = PostDetailsUITests.swift; sourceTree = "<group>"; };
		12DCF7642CB3F358003C4E91 /* LoginUITests.swift */ = {isa = PBXFileReference; lastKnownFileType = sourcecode.swift; path = LoginUITests.swift; sourceTree = "<group>"; };
		12DCF7662CB3F364003C4E91 /* RegisterUITests.swift */ = {isa = PBXFileReference; lastKnownFileType = sourcecode.swift; path = RegisterUITests.swift; sourceTree = "<group>"; };
		12DCF76D2CB433DC003C4E91 /* FLTextFieldStyle.swift */ = {isa = PBXFileReference; lastKnownFileType = sourcecode.swift; path = FLTextFieldStyle.swift; sourceTree = "<group>"; };
/* End PBXFileReference section */

/* Begin PBXFrameworksBuildPhase section */
		12DCF6EE2CAFFEA5003C4E91 /* Frameworks */ = {
			isa = PBXFrameworksBuildPhase;
			buildActionMask = 2147483647;
			files = (
				123AB5812CC7F46300E6D8DA /* FirebaseAuth in Frameworks */,
				123AB5872CC7F46300E6D8DA /* FirebaseFirestoreCombine-Community in Frameworks */,
				123AB5832CC7F46300E6D8DA /* FirebaseAuthCombine-Community in Frameworks */,
				123AB5892CC7F46300E6D8DA /* FirebaseStorage in Frameworks */,
				123AB58B2CC7F46300E6D8DA /* FirebaseStorageCombine-Community in Frameworks */,
				123AB5852CC7F46300E6D8DA /* FirebaseFirestore in Frameworks */,
			);
			runOnlyForDeploymentPostprocessing = 0;
		};
		12DCF6FE2CAFFEA6003C4E91 /* Frameworks */ = {
			isa = PBXFrameworksBuildPhase;
			buildActionMask = 2147483647;
			files = (
			);
			runOnlyForDeploymentPostprocessing = 0;
		};
		12DCF7082CAFFEA7003C4E91 /* Frameworks */ = {
			isa = PBXFrameworksBuildPhase;
			buildActionMask = 2147483647;
			files = (
			);
			runOnlyForDeploymentPostprocessing = 0;
		};
/* End PBXFrameworksBuildPhase section */

/* Begin PBXGroup section */
		12092C5B2CB7F6DA00F30358 /* Mocks */ = {
			isa = PBXGroup;
			children = (
				123AB56A2CC6A9A800E6D8DA /* FormValidatorMock.swift */,
				123AB5792CC7F0F300E6D8DA /* RegisterServiceMock.swift */,
			);
			path = Mocks;
			sourceTree = "<group>";
		};
		12092C5E2CB8080300F30358 /* Enums */ = {
			isa = PBXGroup;
			children = (
				12092C552CB7E88B00F30358 /* NavigationStates.swift */,
				1204B9BF2CC918090073DECA /* FLErrors.swift */,
			);
			path = Enums;
			sourceTree = "<group>";
		};
		12092C5F2CB8081000F30358 /* Protocols */ = {
			isa = PBXGroup;
			children = (
				123AB5682CC6A5C200E6D8DA /* FormValidatorProtocol.swift */,
				123AB57B2CC7F10400E6D8DA /* RegisterServiceProtocol.swift */,
			);
			path = Protocols;
			sourceTree = "<group>";
		};
		121D70072CB6A34500D58AC8 /* UtilsUnitTests */ = {
			isa = PBXGroup;
			children = (
				121D70082CB6A36100D58AC8 /* FLStringsUnitTests.swift */,
			);
			path = UtilsUnitTests;
			sourceTree = "<group>";
		};
		121D70142CB6DC1900D58AC8 /* MainNavigation */ = {
			isa = PBXGroup;
			children = (
				12092C592CB7EC8500F30358 /* MainNavigation.swift */,
			);
			path = MainNavigation;
			sourceTree = "<group>";
		};
		123AB5642CC6A52A00E6D8DA /* Validators */ = {
			isa = PBXGroup;
			children = (
				123AB5662CC6A56D00E6D8DA /* FormValidator.swift */,
			);
			path = Validators;
			sourceTree = "<group>";
		};
		123AB5652CC6A53200E6D8DA /* Services */ = {
			isa = PBXGroup;
			children = (
				123AB5752CC7F0AC00E6D8DA /* RegisterService.swift */,
			);
			path = Services;
			sourceTree = "<group>";
		};
		123AB56C2CC6ACF300E6D8DA /* Validators */ = {
			isa = PBXGroup;
			children = (
				123AB56F2CC6AD2600E6D8DA /* FormValidatorUnitTests.swift */,
			);
			path = Validators;
			sourceTree = "<group>";
		};
		123AB58C2CC7F4DB00E6D8DA /* Firebase */ = {
			isa = PBXGroup;
			children = (
				123AB58E2CC7F4F500E6D8DA /* FirebaseConfig.swift */,
			);
			path = Firebase;
			sourceTree = "<group>";
		};
		123F7D742CB5862500864DF0 /* ConstantsUnitTests */ = {
			isa = PBXGroup;
			children = (
				123F7D772CB5865A00864DF0 /* UIConstantsUnitTests.swift */,
				123F7D792CB588EC00864DF0 /* ColorsUnitTests.swift */,
				12092C642CB8164E00F30358 /* LoginConstantsUnitTests.swift */,
				12092C662CB8168600F30358 /* RegisterConstantsUnitTests.swift */,
			);
			path = ConstantsUnitTests;
			sourceTree = "<group>";
		};
		12CE5CE92CB553BC008D47FA /* FotoLoopUnitTests */ = {
			isa = PBXGroup;
			children = (
				123AB56C2CC6ACF300E6D8DA /* Validators */,
				12092C5B2CB7F6DA00F30358 /* Mocks */,
				121D70072CB6A34500D58AC8 /* UtilsUnitTests */,
				123F7D742CB5862500864DF0 /* ConstantsUnitTests */,
				12CE5CEB2CB553D5008D47FA /* AuthenticatedUnitTests */,
				12CE5CEA2CB553CB008D47FA /* AuthUnitTests */,
			);
			path = FotoLoopUnitTests;
			sourceTree = "<group>";
		};
		12CE5CEA2CB553CB008D47FA /* AuthUnitTests */ = {
			isa = PBXGroup;
			children = (
				12CE5CEC2CB553F2008D47FA /* LoginUnitTests.swift */,
				12CE5CEE2CB553FE008D47FA /* RegisterUnitTests.swift */,
			);
			path = AuthUnitTests;
			sourceTree = "<group>";
		};
		12CE5CEB2CB553D5008D47FA /* AuthenticatedUnitTests */ = {
			isa = PBXGroup;
			children = (
				12CE5CF82CB55449008D47FA /* ActionsUnitTests */,
				12CE5CF02CB55414008D47FA /* PostDetailsUnitTests.swift */,
				12CE5CF22CB55425008D47FA /* FeedUnitTests.swift */,
				12CE5CF42CB55430008D47FA /* TabsUnitTests.swift */,
				12CE5CF62CB55441008D47FA /* ProfileUnitTests.swift */,
			);
			path = AuthenticatedUnitTests;
			sourceTree = "<group>";
		};
		12CE5CF82CB55449008D47FA /* ActionsUnitTests */ = {
			isa = PBXGroup;
			children = (
				12CE5CF92CB5545E008D47FA /* EditProfileUnitTests.swift */,
				12CE5CFB2CB55469008D47FA /* CreatePostUnitTests.swift */,
			);
			path = ActionsUnitTests;
			sourceTree = "<group>";
		};
		12DCF6E82CAFFEA5003C4E91 = {
			isa = PBXGroup;
			children = (
				12DCF6F32CAFFEA5003C4E91 /* FotoLoop */,
				12DCF7042CAFFEA7003C4E91 /* FotoLoopTests */,
				12DCF70E2CAFFEA7003C4E91 /* FotoLoopUITests */,
				12DCF6F22CAFFEA5003C4E91 /* Products */,
			);
			sourceTree = "<group>";
		};
		12DCF6F22CAFFEA5003C4E91 /* Products */ = {
			isa = PBXGroup;
			children = (
				12DCF6F12CAFFEA5003C4E91 /* FotoLoop.app */,
				12DCF7012CAFFEA6003C4E91 /* FotoLoopTests.xctest */,
				12DCF70B2CAFFEA7003C4E91 /* FotoLoopUITests.xctest */,
			);
			name = Products;
			sourceTree = "<group>";
		};
		12DCF6F32CAFFEA5003C4E91 /* FotoLoop */ = {
			isa = PBXGroup;
			children = (
				123AB57D2CC7F3B600E6D8DA /* GoogleService-Info.plist */,
				123AB58C2CC7F4DB00E6D8DA /* Firebase */,
				123AB5652CC6A53200E6D8DA /* Services */,
				123AB5642CC6A52A00E6D8DA /* Validators */,
				12092C5F2CB8081000F30358 /* Protocols */,
				12DCF76C2CB433B9003C4E91 /* UIUtils */,
				12DCF7392CB008FF003C4E91 /* Components */,
				12DCF7222CB001CC003C4E91 /* Constants */,
				12DCF7212CB001C1003C4E91 /* Utils */,
				12DCF7202CB001BB003C4E91 /* Models */,
				12DCF71F2CB001B4003C4E91 /* ViewModels */,
				12DCF71E2CB001AB003C4E91 /* Views */,
				121D70142CB6DC1900D58AC8 /* MainNavigation */,
				12DCF6F42CAFFEA5003C4E91 /* FotoLoopApp.swift */,
				12DCF6F82CAFFEA6003C4E91 /* Assets.xcassets */,
				12DCF6FA2CAFFEA6003C4E91 /* Preview Content */,
			);
			path = FotoLoop;
			sourceTree = "<group>";
		};
		12DCF6FA2CAFFEA6003C4E91 /* Preview Content */ = {
			isa = PBXGroup;
			children = (
				12DCF6FB2CAFFEA6003C4E91 /* Preview Assets.xcassets */,
			);
			path = "Preview Content";
			sourceTree = "<group>";
		};
		12DCF7042CAFFEA7003C4E91 /* FotoLoopTests */ = {
			isa = PBXGroup;
			children = (
				12CE5CE92CB553BC008D47FA /* FotoLoopUnitTests */,
				12DCF7052CAFFEA7003C4E91 /* FotoLoopTests.swift */,
			);
			path = FotoLoopTests;
			sourceTree = "<group>";
		};
		12DCF70E2CAFFEA7003C4E91 /* FotoLoopUITests */ = {
			isa = PBXGroup;
			children = (
				12DCF7562CB3F254003C4E91 /* UiTests */,
				12DCF70F2CAFFEA7003C4E91 /* FotoLoopUITests.swift */,
				12DCF7112CAFFEA7003C4E91 /* FotoLoopUITestsLaunchTests.swift */,
			);
			path = FotoLoopUITests;
			sourceTree = "<group>";
		};
		12DCF71E2CB001AB003C4E91 /* Views */ = {
			isa = PBXGroup;
			children = (
				12DCF7502CB00BA8003C4E91 /* Authenticated */,
				12DCF74F2CB00B9C003C4E91 /* Auth */,
			);
			path = Views;
			sourceTree = "<group>";
		};
		12DCF71F2CB001B4003C4E91 /* ViewModels */ = {
			isa = PBXGroup;
			children = (
				12092C532CB7E85400F30358 /* NavigationViewModel.swift */,
				123AB55A2CC69F0300E6D8DA /* LoginViewModel.swift */,
				123AB55C2CC69F0C00E6D8DA /* RegisterViewModel.swift */,
				123AB55E2CC69F1D00E6D8DA /* FeedViewModel.swift */,
				123AB5602CC69F2800E6D8DA /* ProfileViewModel.swift */,
				123AB5622CC69F5100E6D8DA /* CreatePostViewModel.swift */,
			);
			path = ViewModels;
			sourceTree = "<group>";
		};
		12DCF7202CB001BB003C4E91 /* Models */ = {
			isa = PBXGroup;
			children = (
				12092C5E2CB8080300F30358 /* Enums */,
				123AB5562CC69BEB00E6D8DA /* User.swift */,
				123AB5582CC69BF900E6D8DA /* Post.swift */,
				123AB5732CC7ECEF00E6D8DA /* RegisterForm.swift */,
			);
			path = Models;
			sourceTree = "<group>";
		};
		12DCF7212CB001C1003C4E91 /* Utils */ = {
			isa = PBXGroup;
			children = (
				125E2B3D2CB69D020049F409 /* FLStrings.swift */,
				12DCF7372CB00762003C4E91 /* ColorsUtils.swift */,
			);
			path = Utils;
			sourceTree = "<group>";
		};
		12DCF7222CB001CC003C4E91 /* Constants */ = {
			isa = PBXGroup;
			children = (
				12DCF7352CB00435003C4E91 /* Colors.swift */,
				123F7D622CB56ECE00864DF0 /* UIConstants.swift */,
				121D700A2CB6AC7F00D58AC8 /* LoginConstants.swift */,
				121D700C2CB6AC8900D58AC8 /* RegisterConstants.swift */,
			);
			path = Constants;
			sourceTree = "<group>";
		};
		12DCF7392CB008FF003C4E91 /* Components */ = {
			isa = PBXGroup;
			children = (
				12DCF74C2CB00A8D003C4E91 /* UI */,
				12DCF7402CB009A6003C4E91 /* FLList.swift */,
				12DCF7422CB009B8003C4E91 /* FLPost.swift */,
				12DCF7442CB009CA003C4E91 /* FLImagePicker.swift */,
				123F7D6A2CB5777800864DF0 /* FLLoginForm.swift */,
				12092C622CB811B800F30358 /* FLRegisterForm.swift */,
			);
			path = Components;
			sourceTree = "<group>";
		};
		12DCF74C2CB00A8D003C4E91 /* UI */ = {
			isa = PBXGroup;
			children = (
				12DCF74A2CB00A86003C4E91 /* FLContentText.swift */,
				12DCF7482CB00A75003C4E91 /* FLTitle.swift */,
				12DCF73E2CB00970003C4E91 /* FLOutlinedButton.swift */,
				12DCF73C2CB00964003C4E91 /* FLButton.swift */,
				123F7D722CB57F8400864DF0 /* FLSimpleButton.swift */,
				12DCF73A2CB0094E003C4E91 /* FLTextField.swift */,
				12DCF7542CB02A23003C4E91 /* FLLogo.swift */,
			);
			path = UI;
			sourceTree = "<group>";
		};
		12DCF74F2CB00B9C003C4E91 /* Auth */ = {
			isa = PBXGroup;
			children = (
				12DCF72B2CB00379003C4E91 /* Register.swift */,
				12DCF7292CB00370003C4E91 /* Login.swift */,
				12092D8F2CBD26C800F30358 /* ForgotPassword.swift */,
			);
			path = Auth;
			sourceTree = "<group>";
		};
		12DCF7502CB00BA8003C4E91 /* Authenticated */ = {
			isa = PBXGroup;
			children = (
				12DCF7512CB00BB8003C4E91 /* Actions */,
				12DCF72F2CB00389003C4E91 /* Profile.swift */,
				12DCF72D2CB00381003C4E91 /* Feed.swift */,
				12DCF7462CB00A03003C4E91 /* PostDetails.swift */,
				12DCF74D2CB00B39003C4E91 /* Tabs.swift */,
			);
			path = Authenticated;
			sourceTree = "<group>";
		};
		12DCF7512CB00BB8003C4E91 /* Actions */ = {
			isa = PBXGroup;
			children = (
				12DCF7332CB003C9003C4E91 /* EditProfile.swift */,
				12DCF7312CB003C0003C4E91 /* CreatePost.swift */,
			);
			path = Actions;
			sourceTree = "<group>";
		};
		12DCF7562CB3F254003C4E91 /* UiTests */ = {
			isa = PBXGroup;
			children = (
				12DCF7692CB3F37D003C4E91 /* AuthUITests */,
				12DCF7682CB3F373003C4E91 /* AuthenticatedUITests */,
			);
			path = UiTests;
			sourceTree = "<group>";
		};
		12DCF7682CB3F373003C4E91 /* AuthenticatedUITests */ = {
			isa = PBXGroup;
			children = (
				12DCF76B2CB3F3A4003C4E91 /* ActionsUITests */,
				12DCF7612CB3F2F3003C4E91 /* PostDetailsUITests.swift */,
				12DCF75F2CB3F2E0003C4E91 /* FeedUITests.swift */,
				12DCF7572CB3F286003C4E91 /* TabsUITests.swift */,
				12DCF75D2CB3F2D3003C4E91 /* ProfileUITests.swift */,
			);
			path = AuthenticatedUITests;
			sourceTree = "<group>";
		};
		12DCF7692CB3F37D003C4E91 /* AuthUITests */ = {
			isa = PBXGroup;
			children = (
				12DCF7642CB3F358003C4E91 /* LoginUITests.swift */,
				12DCF7662CB3F364003C4E91 /* RegisterUITests.swift */,
			);
			path = AuthUITests;
			sourceTree = "<group>";
		};
		12DCF76B2CB3F3A4003C4E91 /* ActionsUITests */ = {
			isa = PBXGroup;
			children = (
				12DCF7592CB3F2B7003C4E91 /* EditProfileUITests.swift */,
				12DCF75B2CB3F2C5003C4E91 /* CreatePostUITests.swift */,
			);
			path = ActionsUITests;
			sourceTree = "<group>";
		};
		12DCF76C2CB433B9003C4E91 /* UIUtils */ = {
			isa = PBXGroup;
			children = (
				12DCF76D2CB433DC003C4E91 /* FLTextFieldStyle.swift */,
				123F7D702CB57A3A00864DF0 /* FLLightShadow.swift */,
			);
			path = UIUtils;
			sourceTree = "<group>";
		};
/* End PBXGroup section */

/* Begin PBXNativeTarget section */
		12DCF6F02CAFFEA5003C4E91 /* FotoLoop */ = {
			isa = PBXNativeTarget;
			buildConfigurationList = 12DCF7152CAFFEA7003C4E91 /* Build configuration list for PBXNativeTarget "FotoLoop" */;
			buildPhases = (
				12DCF6ED2CAFFEA5003C4E91 /* Sources */,
				12DCF6EE2CAFFEA5003C4E91 /* Frameworks */,
				12DCF6EF2CAFFEA5003C4E91 /* Resources */,
				12CE5CE82CB54C81008D47FA /* ShellScript */,
			);
			buildRules = (
			);
			dependencies = (
			);
			name = FotoLoop;
			packageProductDependencies = (
				123AB5802CC7F46300E6D8DA /* FirebaseAuth */,
				123AB5822CC7F46300E6D8DA /* FirebaseAuthCombine-Community */,
				123AB5842CC7F46300E6D8DA /* FirebaseFirestore */,
				123AB5862CC7F46300E6D8DA /* FirebaseFirestoreCombine-Community */,
				123AB5882CC7F46300E6D8DA /* FirebaseStorage */,
				123AB58A2CC7F46300E6D8DA /* FirebaseStorageCombine-Community */,
			);
			productName = FotoLoop;
			productReference = 12DCF6F12CAFFEA5003C4E91 /* FotoLoop.app */;
			productType = "com.apple.product-type.application";
		};
		12DCF7002CAFFEA6003C4E91 /* FotoLoopTests */ = {
			isa = PBXNativeTarget;
			buildConfigurationList = 12DCF7182CAFFEA7003C4E91 /* Build configuration list for PBXNativeTarget "FotoLoopTests" */;
			buildPhases = (
				12DCF6FD2CAFFEA6003C4E91 /* Sources */,
				12DCF6FE2CAFFEA6003C4E91 /* Frameworks */,
				12DCF6FF2CAFFEA6003C4E91 /* Resources */,
			);
			buildRules = (
			);
			dependencies = (
				12DCF7032CAFFEA6003C4E91 /* PBXTargetDependency */,
			);
			name = FotoLoopTests;
			productName = FotoLoopTests;
			productReference = 12DCF7012CAFFEA6003C4E91 /* FotoLoopTests.xctest */;
			productType = "com.apple.product-type.bundle.unit-test";
		};
		12DCF70A2CAFFEA7003C4E91 /* FotoLoopUITests */ = {
			isa = PBXNativeTarget;
			buildConfigurationList = 12DCF71B2CAFFEA7003C4E91 /* Build configuration list for PBXNativeTarget "FotoLoopUITests" */;
			buildPhases = (
				12DCF7072CAFFEA7003C4E91 /* Sources */,
				12DCF7082CAFFEA7003C4E91 /* Frameworks */,
				12DCF7092CAFFEA7003C4E91 /* Resources */,
			);
			buildRules = (
			);
			dependencies = (
				12DCF70D2CAFFEA7003C4E91 /* PBXTargetDependency */,
			);
			name = FotoLoopUITests;
			productName = FotoLoopUITests;
			productReference = 12DCF70B2CAFFEA7003C4E91 /* FotoLoopUITests.xctest */;
			productType = "com.apple.product-type.bundle.ui-testing";
		};
/* End PBXNativeTarget section */

/* Begin PBXProject section */
		12DCF6E92CAFFEA5003C4E91 /* Project object */ = {
			isa = PBXProject;
			attributes = {
				BuildIndependentTargetsInParallel = 1;
				LastSwiftUpdateCheck = 1540;
				LastUpgradeCheck = 1540;
				TargetAttributes = {
					12DCF6F02CAFFEA5003C4E91 = {
						CreatedOnToolsVersion = 15.4;
					};
					12DCF7002CAFFEA6003C4E91 = {
						CreatedOnToolsVersion = 15.4;
						TestTargetID = 12DCF6F02CAFFEA5003C4E91;
					};
					12DCF70A2CAFFEA7003C4E91 = {
						CreatedOnToolsVersion = 15.4;
						TestTargetID = 12DCF6F02CAFFEA5003C4E91;
					};
				};
			};
			buildConfigurationList = 12DCF6EC2CAFFEA5003C4E91 /* Build configuration list for PBXProject "FotoLoop" */;
			compatibilityVersion = "Xcode 14.0";
			developmentRegion = en;
			hasScannedForEncodings = 0;
			knownRegions = (
				en,
				Base,
			);
			mainGroup = 12DCF6E82CAFFEA5003C4E91;
			packageReferences = (
				123AB57F2CC7F46300E6D8DA /* XCRemoteSwiftPackageReference "firebase-ios-sdk" */,
			);
			productRefGroup = 12DCF6F22CAFFEA5003C4E91 /* Products */;
			projectDirPath = "";
			projectRoot = "";
			targets = (
				12DCF6F02CAFFEA5003C4E91 /* FotoLoop */,
				12DCF7002CAFFEA6003C4E91 /* FotoLoopTests */,
				12DCF70A2CAFFEA7003C4E91 /* FotoLoopUITests */,
			);
		};
/* End PBXProject section */

/* Begin PBXResourcesBuildPhase section */
		12DCF6EF2CAFFEA5003C4E91 /* Resources */ = {
			isa = PBXResourcesBuildPhase;
			buildActionMask = 2147483647;
			files = (
				12DCF6FC2CAFFEA6003C4E91 /* Preview Assets.xcassets in Resources */,
				12DCF6F92CAFFEA6003C4E91 /* Assets.xcassets in Resources */,
				123AB57E2CC7F3B600E6D8DA /* GoogleService-Info.plist in Resources */,
			);
			runOnlyForDeploymentPostprocessing = 0;
		};
		12DCF6FF2CAFFEA6003C4E91 /* Resources */ = {
			isa = PBXResourcesBuildPhase;
			buildActionMask = 2147483647;
			files = (
			);
			runOnlyForDeploymentPostprocessing = 0;
		};
		12DCF7092CAFFEA7003C4E91 /* Resources */ = {
			isa = PBXResourcesBuildPhase;
			buildActionMask = 2147483647;
			files = (
			);
			runOnlyForDeploymentPostprocessing = 0;
		};
/* End PBXResourcesBuildPhase section */

/* Begin PBXShellScriptBuildPhase section */
		12CE5CE82CB54C81008D47FA /* ShellScript */ = {
			isa = PBXShellScriptBuildPhase;
			alwaysOutOfDate = 1;
			buildActionMask = 2147483647;
			files = (
			);
			inputFileListPaths = (
			);
			inputPaths = (
			);
			outputFileListPaths = (
			);
			outputPaths = (
			);
			runOnlyForDeploymentPostprocessing = 0;
			shellPath = /bin/sh;
			shellScript = "if [[ \"$(uname -m)\" == arm64 ]]; then\n    export PATH=\"/opt/homebrew/bin:$PATH\"\nfi\n\nif which swiftlint > /dev/null; then\n  swiftlint --fix && swiftlint\nelse\n  echo \"warning: SwiftLint not installed, download from https://github.com/realm/SwiftLint\"\nfi\n";
			showEnvVarsInLog = 0;
		};
/* End PBXShellScriptBuildPhase section */

/* Begin PBXSourcesBuildPhase section */
		12DCF6ED2CAFFEA5003C4E91 /* Sources */ = {
			isa = PBXSourcesBuildPhase;
			buildActionMask = 2147483647;
			files = (
				123AB5692CC6A5C200E6D8DA /* FormValidatorProtocol.swift in Sources */,
				123AB5742CC7ECEF00E6D8DA /* RegisterForm.swift in Sources */,
				123AB55F2CC69F1D00E6D8DA /* FeedViewModel.swift in Sources */,
				12DCF7322CB003C0003C4E91 /* CreatePost.swift in Sources */,
				123AB5632CC69F5100E6D8DA /* CreatePostViewModel.swift in Sources */,
				12DCF7452CB009CA003C4E91 /* FLImagePicker.swift in Sources */,
				12DCF7362CB00435003C4E91 /* Colors.swift in Sources */,
				12092C5A2CB7EC8500F30358 /* MainNavigation.swift in Sources */,
				123AB55D2CC69F0C00E6D8DA /* RegisterViewModel.swift in Sources */,
				12DCF72A2CB00370003C4E91 /* Login.swift in Sources */,
				12DCF73F2CB00970003C4E91 /* FLOutlinedButton.swift in Sources */,
				12DCF74E2CB00B39003C4E91 /* Tabs.swift in Sources */,
				123AB57C2CC7F10400E6D8DA /* RegisterServiceProtocol.swift in Sources */,
				121D700B2CB6AC7F00D58AC8 /* LoginConstants.swift in Sources */,
				123AB55B2CC69F0300E6D8DA /* LoginViewModel.swift in Sources */,
				123F7D712CB57A3A00864DF0 /* FLLightShadow.swift in Sources */,
				12DCF73D2CB00964003C4E91 /* FLButton.swift in Sources */,
				12DCF74B2CB00A86003C4E91 /* FLContentText.swift in Sources */,
				123F7D732CB57F8400864DF0 /* FLSimpleButton.swift in Sources */,
				123AB5762CC7F0AC00E6D8DA /* RegisterService.swift in Sources */,
				12DCF7382CB00762003C4E91 /* ColorsUtils.swift in Sources */,
				123AB5672CC6A56D00E6D8DA /* FormValidator.swift in Sources */,
				12DCF7302CB00389003C4E91 /* Profile.swift in Sources */,
				123F7D6B2CB5777800864DF0 /* FLLoginForm.swift in Sources */,
				12DCF7342CB003C9003C4E91 /* EditProfile.swift in Sources */,
				12DCF72E2CB00381003C4E91 /* Feed.swift in Sources */,
				123AB58F2CC7F4F500E6D8DA /* FirebaseConfig.swift in Sources */,
				121D700D2CB6AC8900D58AC8 /* RegisterConstants.swift in Sources */,
				12DCF72C2CB00379003C4E91 /* Register.swift in Sources */,
				123AB5592CC69BF900E6D8DA /* Post.swift in Sources */,
				12DCF7432CB009B8003C4E91 /* FLPost.swift in Sources */,
				12DCF7552CB02A23003C4E91 /* FLLogo.swift in Sources */,
				1204B9C02CC918090073DECA /* FLErrors.swift in Sources */,
				12DCF76E2CB433DC003C4E91 /* FLTextFieldStyle.swift in Sources */,
				12092C562CB7E88B00F30358 /* NavigationStates.swift in Sources */,
				12DCF73B2CB0094E003C4E91 /* FLTextField.swift in Sources */,
				123AB5572CC69BEB00E6D8DA /* User.swift in Sources */,
				125E2B3E2CB69D020049F409 /* FLStrings.swift in Sources */,
				12092C542CB7E85400F30358 /* NavigationViewModel.swift in Sources */,
				12092C632CB811B800F30358 /* FLRegisterForm.swift in Sources */,
				12DCF7492CB00A75003C4E91 /* FLTitle.swift in Sources */,
				12DCF6F52CAFFEA5003C4E91 /* FotoLoopApp.swift in Sources */,
				123F7D632CB56ECE00864DF0 /* UIConstants.swift in Sources */,
				12DCF7412CB009A6003C4E91 /* FLList.swift in Sources */,
				123AB5612CC69F2800E6D8DA /* ProfileViewModel.swift in Sources */,
				12DCF7472CB00A03003C4E91 /* PostDetails.swift in Sources */,
				12092D902CBD26C800F30358 /* ForgotPassword.swift in Sources */,
			);
			runOnlyForDeploymentPostprocessing = 0;
		};
		12DCF6FD2CAFFEA6003C4E91 /* Sources */ = {
			isa = PBXSourcesBuildPhase;
			buildActionMask = 2147483647;
			files = (
				12CE5CF32CB55425008D47FA /* FeedUnitTests.swift in Sources */,
				123F7D782CB5865A00864DF0 /* UIConstantsUnitTests.swift in Sources */,
				123AB57A2CC7F0F300E6D8DA /* RegisterServiceMock.swift in Sources */,
				121D70092CB6A36100D58AC8 /* FLStringsUnitTests.swift in Sources */,
				12CE5CF12CB55414008D47FA /* PostDetailsUnitTests.swift in Sources */,
				123AB5702CC6AD2600E6D8DA /* FormValidatorUnitTests.swift in Sources */,
				12CE5CEF2CB553FE008D47FA /* RegisterUnitTests.swift in Sources */,
				123F7D7A2CB588EC00864DF0 /* ColorsUnitTests.swift in Sources */,
				12DCF7062CAFFEA7003C4E91 /* FotoLoopTests.swift in Sources */,
				12CE5CF72CB55441008D47FA /* ProfileUnitTests.swift in Sources */,
				12CE5CED2CB553F2008D47FA /* LoginUnitTests.swift in Sources */,
				12CE5CF52CB55430008D47FA /* TabsUnitTests.swift in Sources */,
				12CE5CFA2CB5545E008D47FA /* EditProfileUnitTests.swift in Sources */,
				12092C652CB8164E00F30358 /* LoginConstantsUnitTests.swift in Sources */,
				12092C672CB8168600F30358 /* RegisterConstantsUnitTests.swift in Sources */,
				12CE5CFC2CB55469008D47FA /* CreatePostUnitTests.swift in Sources */,
				123AB56B2CC6A9A800E6D8DA /* FormValidatorMock.swift in Sources */,
			);
			runOnlyForDeploymentPostprocessing = 0;
		};
		12DCF7072CAFFEA7003C4E91 /* Sources */ = {
			isa = PBXSourcesBuildPhase;
			buildActionMask = 2147483647;
			files = (
				12DCF7622CB3F2F3003C4E91 /* PostDetailsUITests.swift in Sources */,
				12DCF7602CB3F2E0003C4E91 /* FeedUITests.swift in Sources */,
				12DCF7122CAFFEA7003C4E91 /* FotoLoopUITestsLaunchTests.swift in Sources */,
				12DCF7102CAFFEA7003C4E91 /* FotoLoopUITests.swift in Sources */,
				12DCF7582CB3F286003C4E91 /* TabsUITests.swift in Sources */,
				12DCF75C2CB3F2C5003C4E91 /* CreatePostUITests.swift in Sources */,
				12DCF7672CB3F364003C4E91 /* RegisterUITests.swift in Sources */,
				12DCF75A2CB3F2B7003C4E91 /* EditProfileUITests.swift in Sources */,
				12DCF75E2CB3F2D3003C4E91 /* ProfileUITests.swift in Sources */,
				12DCF7652CB3F358003C4E91 /* LoginUITests.swift in Sources */,
			);
			runOnlyForDeploymentPostprocessing = 0;
		};
/* End PBXSourcesBuildPhase section */

/* Begin PBXTargetDependency section */
		12DCF7032CAFFEA6003C4E91 /* PBXTargetDependency */ = {
			isa = PBXTargetDependency;
			target = 12DCF6F02CAFFEA5003C4E91 /* FotoLoop */;
			targetProxy = 12DCF7022CAFFEA6003C4E91 /* PBXContainerItemProxy */;
		};
		12DCF70D2CAFFEA7003C4E91 /* PBXTargetDependency */ = {
			isa = PBXTargetDependency;
			target = 12DCF6F02CAFFEA5003C4E91 /* FotoLoop */;
			targetProxy = 12DCF70C2CAFFEA7003C4E91 /* PBXContainerItemProxy */;
		};
/* End PBXTargetDependency section */

/* Begin XCBuildConfiguration section */
		12DCF7132CAFFEA7003C4E91 /* Debug */ = {
			isa = XCBuildConfiguration;
			buildSettings = {
				ALWAYS_SEARCH_USER_PATHS = NO;
				ASSETCATALOG_COMPILER_GENERATE_SWIFT_ASSET_SYMBOL_EXTENSIONS = YES;
				CLANG_ANALYZER_NONNULL = YES;
				CLANG_ANALYZER_NUMBER_OBJECT_CONVERSION = YES_AGGRESSIVE;
				CLANG_CXX_LANGUAGE_STANDARD = "gnu++20";
				CLANG_ENABLE_MODULES = YES;
				CLANG_ENABLE_OBJC_ARC = YES;
				CLANG_ENABLE_OBJC_WEAK = YES;
				CLANG_WARN_BLOCK_CAPTURE_AUTORELEASING = YES;
				CLANG_WARN_BOOL_CONVERSION = YES;
				CLANG_WARN_COMMA = YES;
				CLANG_WARN_CONSTANT_CONVERSION = YES;
				CLANG_WARN_DEPRECATED_OBJC_IMPLEMENTATIONS = YES;
				CLANG_WARN_DIRECT_OBJC_ISA_USAGE = YES_ERROR;
				CLANG_WARN_DOCUMENTATION_COMMENTS = YES;
				CLANG_WARN_EMPTY_BODY = YES;
				CLANG_WARN_ENUM_CONVERSION = YES;
				CLANG_WARN_INFINITE_RECURSION = YES;
				CLANG_WARN_INT_CONVERSION = YES;
				CLANG_WARN_NON_LITERAL_NULL_CONVERSION = YES;
				CLANG_WARN_OBJC_IMPLICIT_RETAIN_SELF = YES;
				CLANG_WARN_OBJC_LITERAL_CONVERSION = YES;
				CLANG_WARN_OBJC_ROOT_CLASS = YES_ERROR;
				CLANG_WARN_QUOTED_INCLUDE_IN_FRAMEWORK_HEADER = YES;
				CLANG_WARN_RANGE_LOOP_ANALYSIS = YES;
				CLANG_WARN_STRICT_PROTOTYPES = YES;
				CLANG_WARN_SUSPICIOUS_MOVE = YES;
				CLANG_WARN_UNGUARDED_AVAILABILITY = YES_AGGRESSIVE;
				CLANG_WARN_UNREACHABLE_CODE = YES;
				CLANG_WARN__DUPLICATE_METHOD_MATCH = YES;
				COPY_PHASE_STRIP = NO;
				DEBUG_INFORMATION_FORMAT = dwarf;
				ENABLE_STRICT_OBJC_MSGSEND = YES;
				ENABLE_TESTABILITY = YES;
				ENABLE_USER_SCRIPT_SANDBOXING = YES;
				GCC_C_LANGUAGE_STANDARD = gnu17;
				GCC_DYNAMIC_NO_PIC = NO;
				GCC_NO_COMMON_BLOCKS = YES;
				GCC_OPTIMIZATION_LEVEL = 0;
				GCC_PREPROCESSOR_DEFINITIONS = (
					"DEBUG=1",
					"$(inherited)",
				);
				GCC_WARN_64_TO_32_BIT_CONVERSION = YES;
				GCC_WARN_ABOUT_RETURN_TYPE = YES_ERROR;
				GCC_WARN_UNDECLARED_SELECTOR = YES;
				GCC_WARN_UNINITIALIZED_AUTOS = YES_AGGRESSIVE;
				GCC_WARN_UNUSED_FUNCTION = YES;
				GCC_WARN_UNUSED_VARIABLE = YES;
				IPHONEOS_DEPLOYMENT_TARGET = 17.5;
				LOCALIZATION_PREFERS_STRING_CATALOGS = YES;
				MTL_ENABLE_DEBUG_INFO = INCLUDE_SOURCE;
				MTL_FAST_MATH = YES;
				ONLY_ACTIVE_ARCH = YES;
				SDKROOT = iphoneos;
				SWIFT_ACTIVE_COMPILATION_CONDITIONS = "DEBUG $(inherited)";
				SWIFT_OPTIMIZATION_LEVEL = "-Onone";
			};
			name = Debug;
		};
		12DCF7142CAFFEA7003C4E91 /* Release */ = {
			isa = XCBuildConfiguration;
			buildSettings = {
				ALWAYS_SEARCH_USER_PATHS = NO;
				ASSETCATALOG_COMPILER_GENERATE_SWIFT_ASSET_SYMBOL_EXTENSIONS = YES;
				CLANG_ANALYZER_NONNULL = YES;
				CLANG_ANALYZER_NUMBER_OBJECT_CONVERSION = YES_AGGRESSIVE;
				CLANG_CXX_LANGUAGE_STANDARD = "gnu++20";
				CLANG_ENABLE_MODULES = YES;
				CLANG_ENABLE_OBJC_ARC = YES;
				CLANG_ENABLE_OBJC_WEAK = YES;
				CLANG_WARN_BLOCK_CAPTURE_AUTORELEASING = YES;
				CLANG_WARN_BOOL_CONVERSION = YES;
				CLANG_WARN_COMMA = YES;
				CLANG_WARN_CONSTANT_CONVERSION = YES;
				CLANG_WARN_DEPRECATED_OBJC_IMPLEMENTATIONS = YES;
				CLANG_WARN_DIRECT_OBJC_ISA_USAGE = YES_ERROR;
				CLANG_WARN_DOCUMENTATION_COMMENTS = YES;
				CLANG_WARN_EMPTY_BODY = YES;
				CLANG_WARN_ENUM_CONVERSION = YES;
				CLANG_WARN_INFINITE_RECURSION = YES;
				CLANG_WARN_INT_CONVERSION = YES;
				CLANG_WARN_NON_LITERAL_NULL_CONVERSION = YES;
				CLANG_WARN_OBJC_IMPLICIT_RETAIN_SELF = YES;
				CLANG_WARN_OBJC_LITERAL_CONVERSION = YES;
				CLANG_WARN_OBJC_ROOT_CLASS = YES_ERROR;
				CLANG_WARN_QUOTED_INCLUDE_IN_FRAMEWORK_HEADER = YES;
				CLANG_WARN_RANGE_LOOP_ANALYSIS = YES;
				CLANG_WARN_STRICT_PROTOTYPES = YES;
				CLANG_WARN_SUSPICIOUS_MOVE = YES;
				CLANG_WARN_UNGUARDED_AVAILABILITY = YES_AGGRESSIVE;
				CLANG_WARN_UNREACHABLE_CODE = YES;
				CLANG_WARN__DUPLICATE_METHOD_MATCH = YES;
				COPY_PHASE_STRIP = NO;
				DEBUG_INFORMATION_FORMAT = "dwarf-with-dsym";
				ENABLE_NS_ASSERTIONS = NO;
				ENABLE_STRICT_OBJC_MSGSEND = YES;
				ENABLE_USER_SCRIPT_SANDBOXING = YES;
				GCC_C_LANGUAGE_STANDARD = gnu17;
				GCC_NO_COMMON_BLOCKS = YES;
				GCC_WARN_64_TO_32_BIT_CONVERSION = YES;
				GCC_WARN_ABOUT_RETURN_TYPE = YES_ERROR;
				GCC_WARN_UNDECLARED_SELECTOR = YES;
				GCC_WARN_UNINITIALIZED_AUTOS = YES_AGGRESSIVE;
				GCC_WARN_UNUSED_FUNCTION = YES;
				GCC_WARN_UNUSED_VARIABLE = YES;
				IPHONEOS_DEPLOYMENT_TARGET = 17.5;
				LOCALIZATION_PREFERS_STRING_CATALOGS = YES;
				MTL_ENABLE_DEBUG_INFO = NO;
				MTL_FAST_MATH = YES;
				SDKROOT = iphoneos;
				SWIFT_COMPILATION_MODE = wholemodule;
				VALIDATE_PRODUCT = YES;
			};
			name = Release;
		};
		12DCF7162CAFFEA7003C4E91 /* Debug */ = {
			isa = XCBuildConfiguration;
			buildSettings = {
				ASSETCATALOG_COMPILER_APPICON_NAME = AppIcon;
				ASSETCATALOG_COMPILER_GLOBAL_ACCENT_COLOR_NAME = AccentColor;
				CODE_SIGN_STYLE = Automatic;
				CURRENT_PROJECT_VERSION = 1;
				DEVELOPMENT_ASSET_PATHS = "\"FotoLoop/Preview Content\"";
				DEVELOPMENT_TEAM = 76X35WT69V;
				ENABLE_PREVIEWS = YES;
				ENABLE_USER_SCRIPT_SANDBOXING = NO;
				GENERATE_INFOPLIST_FILE = YES;
				INFOPLIST_KEY_UIApplicationSceneManifest_Generation = YES;
				INFOPLIST_KEY_UIApplicationSupportsIndirectInputEvents = YES;
				INFOPLIST_KEY_UILaunchScreen_Generation = YES;
				INFOPLIST_KEY_UISupportedInterfaceOrientations_iPad = "UIInterfaceOrientationPortrait UIInterfaceOrientationPortraitUpsideDown UIInterfaceOrientationLandscapeLeft UIInterfaceOrientationLandscapeRight";
				INFOPLIST_KEY_UISupportedInterfaceOrientations_iPhone = "UIInterfaceOrientationPortrait UIInterfaceOrientationLandscapeLeft UIInterfaceOrientationLandscapeRight";
				LD_RUNPATH_SEARCH_PATHS = (
					"$(inherited)",
					"@executable_path/Frameworks",
				);
				MARKETING_VERSION = 1.0;
				PRODUCT_BUNDLE_IDENTIFIER = davidLourenco.FotoLoop;
				PRODUCT_NAME = "$(TARGET_NAME)";
				SWIFT_EMIT_LOC_STRINGS = YES;
				SWIFT_VERSION = 5.0;
				TARGETED_DEVICE_FAMILY = "1,2";
			};
			name = Debug;
		};
		12DCF7172CAFFEA7003C4E91 /* Release */ = {
			isa = XCBuildConfiguration;
			buildSettings = {
				ASSETCATALOG_COMPILER_APPICON_NAME = AppIcon;
				ASSETCATALOG_COMPILER_GLOBAL_ACCENT_COLOR_NAME = AccentColor;
				CODE_SIGN_STYLE = Automatic;
				CURRENT_PROJECT_VERSION = 1;
				DEVELOPMENT_ASSET_PATHS = "\"FotoLoop/Preview Content\"";
				DEVELOPMENT_TEAM = 76X35WT69V;
				ENABLE_PREVIEWS = YES;
				ENABLE_USER_SCRIPT_SANDBOXING = NO;
				GENERATE_INFOPLIST_FILE = YES;
				INFOPLIST_KEY_UIApplicationSceneManifest_Generation = YES;
				INFOPLIST_KEY_UIApplicationSupportsIndirectInputEvents = YES;
				INFOPLIST_KEY_UILaunchScreen_Generation = YES;
				INFOPLIST_KEY_UISupportedInterfaceOrientations_iPad = "UIInterfaceOrientationPortrait UIInterfaceOrientationPortraitUpsideDown UIInterfaceOrientationLandscapeLeft UIInterfaceOrientationLandscapeRight";
				INFOPLIST_KEY_UISupportedInterfaceOrientations_iPhone = "UIInterfaceOrientationPortrait UIInterfaceOrientationLandscapeLeft UIInterfaceOrientationLandscapeRight";
				LD_RUNPATH_SEARCH_PATHS = (
					"$(inherited)",
					"@executable_path/Frameworks",
				);
				MARKETING_VERSION = 1.0;
				PRODUCT_BUNDLE_IDENTIFIER = davidLourenco.FotoLoop;
				PRODUCT_NAME = "$(TARGET_NAME)";
				SWIFT_EMIT_LOC_STRINGS = YES;
				SWIFT_VERSION = 5.0;
				TARGETED_DEVICE_FAMILY = "1,2";
			};
			name = Release;
		};
		12DCF7192CAFFEA7003C4E91 /* Debug */ = {
			isa = XCBuildConfiguration;
			buildSettings = {
				ALWAYS_EMBED_SWIFT_STANDARD_LIBRARIES = YES;
				BUNDLE_LOADER = "$(TEST_HOST)";
				CODE_SIGN_STYLE = Automatic;
				CURRENT_PROJECT_VERSION = 1;
				DEVELOPMENT_TEAM = 76X35WT69V;
				GENERATE_INFOPLIST_FILE = YES;
				IPHONEOS_DEPLOYMENT_TARGET = 17.5;
				MARKETING_VERSION = 1.0;
				PRODUCT_BUNDLE_IDENTIFIER = davidLourenco.FotoLoopTests;
				PRODUCT_NAME = "$(TARGET_NAME)";
				SWIFT_EMIT_LOC_STRINGS = NO;
				SWIFT_VERSION = 5.0;
				TARGETED_DEVICE_FAMILY = "1,2";
				TEST_HOST = "$(BUILT_PRODUCTS_DIR)/FotoLoop.app/$(BUNDLE_EXECUTABLE_FOLDER_PATH)/FotoLoop";
			};
			name = Debug;
		};
		12DCF71A2CAFFEA7003C4E91 /* Release */ = {
			isa = XCBuildConfiguration;
			buildSettings = {
				ALWAYS_EMBED_SWIFT_STANDARD_LIBRARIES = YES;
				BUNDLE_LOADER = "$(TEST_HOST)";
				CODE_SIGN_STYLE = Automatic;
				CURRENT_PROJECT_VERSION = 1;
				DEVELOPMENT_TEAM = 76X35WT69V;
				GENERATE_INFOPLIST_FILE = YES;
				IPHONEOS_DEPLOYMENT_TARGET = 17.5;
				MARKETING_VERSION = 1.0;
				PRODUCT_BUNDLE_IDENTIFIER = davidLourenco.FotoLoopTests;
				PRODUCT_NAME = "$(TARGET_NAME)";
				SWIFT_EMIT_LOC_STRINGS = NO;
				SWIFT_VERSION = 5.0;
				TARGETED_DEVICE_FAMILY = "1,2";
				TEST_HOST = "$(BUILT_PRODUCTS_DIR)/FotoLoop.app/$(BUNDLE_EXECUTABLE_FOLDER_PATH)/FotoLoop";
			};
			name = Release;
		};
		12DCF71C2CAFFEA7003C4E91 /* Debug */ = {
			isa = XCBuildConfiguration;
			buildSettings = {
				ALWAYS_EMBED_SWIFT_STANDARD_LIBRARIES = YES;
				CODE_SIGN_STYLE = Automatic;
				CURRENT_PROJECT_VERSION = 1;
				DEVELOPMENT_TEAM = 76X35WT69V;
				GENERATE_INFOPLIST_FILE = YES;
				MARKETING_VERSION = 1.0;
				PRODUCT_BUNDLE_IDENTIFIER = davidLourenco.FotoLoopUITests;
				PRODUCT_NAME = "$(TARGET_NAME)";
				SWIFT_EMIT_LOC_STRINGS = NO;
				SWIFT_VERSION = 5.0;
				TARGETED_DEVICE_FAMILY = "1,2";
				TEST_TARGET_NAME = FotoLoop;
			};
			name = Debug;
		};
		12DCF71D2CAFFEA7003C4E91 /* Release */ = {
			isa = XCBuildConfiguration;
			buildSettings = {
				ALWAYS_EMBED_SWIFT_STANDARD_LIBRARIES = YES;
				CODE_SIGN_STYLE = Automatic;
				CURRENT_PROJECT_VERSION = 1;
				DEVELOPMENT_TEAM = 76X35WT69V;
				GENERATE_INFOPLIST_FILE = YES;
				MARKETING_VERSION = 1.0;
				PRODUCT_BUNDLE_IDENTIFIER = davidLourenco.FotoLoopUITests;
				PRODUCT_NAME = "$(TARGET_NAME)";
				SWIFT_EMIT_LOC_STRINGS = NO;
				SWIFT_VERSION = 5.0;
				TARGETED_DEVICE_FAMILY = "1,2";
				TEST_TARGET_NAME = FotoLoop;
			};
			name = Release;
		};
/* End XCBuildConfiguration section */

/* Begin XCConfigurationList section */
		12DCF6EC2CAFFEA5003C4E91 /* Build configuration list for PBXProject "FotoLoop" */ = {
			isa = XCConfigurationList;
			buildConfigurations = (
				12DCF7132CAFFEA7003C4E91 /* Debug */,
				12DCF7142CAFFEA7003C4E91 /* Release */,
			);
			defaultConfigurationIsVisible = 0;
			defaultConfigurationName = Release;
		};
		12DCF7152CAFFEA7003C4E91 /* Build configuration list for PBXNativeTarget "FotoLoop" */ = {
			isa = XCConfigurationList;
			buildConfigurations = (
				12DCF7162CAFFEA7003C4E91 /* Debug */,
				12DCF7172CAFFEA7003C4E91 /* Release */,
			);
			defaultConfigurationIsVisible = 0;
			defaultConfigurationName = Release;
		};
		12DCF7182CAFFEA7003C4E91 /* Build configuration list for PBXNativeTarget "FotoLoopTests" */ = {
			isa = XCConfigurationList;
			buildConfigurations = (
				12DCF7192CAFFEA7003C4E91 /* Debug */,
				12DCF71A2CAFFEA7003C4E91 /* Release */,
			);
			defaultConfigurationIsVisible = 0;
			defaultConfigurationName = Release;
		};
		12DCF71B2CAFFEA7003C4E91 /* Build configuration list for PBXNativeTarget "FotoLoopUITests" */ = {
			isa = XCConfigurationList;
			buildConfigurations = (
				12DCF71C2CAFFEA7003C4E91 /* Debug */,
				12DCF71D2CAFFEA7003C4E91 /* Release */,
			);
			defaultConfigurationIsVisible = 0;
			defaultConfigurationName = Release;
		};
/* End XCConfigurationList section */

/* Begin XCRemoteSwiftPackageReference section */
		123AB57F2CC7F46300E6D8DA /* XCRemoteSwiftPackageReference "firebase-ios-sdk" */ = {
			isa = XCRemoteSwiftPackageReference;
			repositoryURL = "https://github.com/firebase/firebase-ios-sdk";
			requirement = {
				kind = upToNextMajorVersion;
				minimumVersion = 11.4.0;
			};
		};
/* End XCRemoteSwiftPackageReference section */

/* Begin XCSwiftPackageProductDependency section */
		123AB5802CC7F46300E6D8DA /* FirebaseAuth */ = {
			isa = XCSwiftPackageProductDependency;
			package = 123AB57F2CC7F46300E6D8DA /* XCRemoteSwiftPackageReference "firebase-ios-sdk" */;
			productName = FirebaseAuth;
		};
		123AB5822CC7F46300E6D8DA /* FirebaseAuthCombine-Community */ = {
			isa = XCSwiftPackageProductDependency;
			package = 123AB57F2CC7F46300E6D8DA /* XCRemoteSwiftPackageReference "firebase-ios-sdk" */;
			productName = "FirebaseAuthCombine-Community";
		};
		123AB5842CC7F46300E6D8DA /* FirebaseFirestore */ = {
			isa = XCSwiftPackageProductDependency;
			package = 123AB57F2CC7F46300E6D8DA /* XCRemoteSwiftPackageReference "firebase-ios-sdk" */;
			productName = FirebaseFirestore;
		};
		123AB5862CC7F46300E6D8DA /* FirebaseFirestoreCombine-Community */ = {
			isa = XCSwiftPackageProductDependency;
			package = 123AB57F2CC7F46300E6D8DA /* XCRemoteSwiftPackageReference "firebase-ios-sdk" */;
			productName = "FirebaseFirestoreCombine-Community";
		};
		123AB5882CC7F46300E6D8DA /* FirebaseStorage */ = {
			isa = XCSwiftPackageProductDependency;
			package = 123AB57F2CC7F46300E6D8DA /* XCRemoteSwiftPackageReference "firebase-ios-sdk" */;
			productName = FirebaseStorage;
		};
		123AB58A2CC7F46300E6D8DA /* FirebaseStorageCombine-Community */ = {
			isa = XCSwiftPackageProductDependency;
			package = 123AB57F2CC7F46300E6D8DA /* XCRemoteSwiftPackageReference "firebase-ios-sdk" */;
			productName = "FirebaseStorageCombine-Community";
		};
/* End XCSwiftPackageProductDependency section */
	};
	rootObject = 12DCF6E92CAFFEA5003C4E91 /* Project object */;
}
